
Microsoft Visual Studio Solution File, Format Version 12.00
# Visual Studio Version 16
VisualStudioVersion = 16.0.29911.84
MinimumVisualStudioVersion = 10.0.40219.1
Project("{FAE04EC0-301F-11D3-BF4B-00C04F79EFBC}") = "Harjoituksia_C", "Harjoituksia_C\Harjoituksia_C.csproj", "{64843208-6243-455F-87D0-B356EF31A285}"
EndProject
Global
	GlobalSection(SolutionConfigurationPlatforms) = preSolution
		Debug|Any CPU = Debug|Any CPU
		Release|Any CPU = Release|Any CPU
	EndGlobalSection
	GlobalSection(ProjectConfigurationPlatforms) = postSolution
		{64843208-6243-455F-87D0-B356EF31A285}.Debug|Any CPU.ActiveCfg = Debug|Any CPU
		{64843208-6243-455F-87D0-B356EF31A285}.Debug|Any CPU.Build.0 = Debug|Any CPU
		{64843208-6243-455F-87D0-B356EF31A285}.Release|Any CPU.ActiveCfg = Release|Any CPU
		{64843208-6243-455F-87D0-B356EF31A285}.Release|Any CPU.Build.0 = Release|Any CPU
	EndGlobalSection
	GlobalSection(SolutionProperties) = preSolution
		HideSolutionNode = FALSE
	EndGlobalSection
	GlobalSection(ExtensibilityGlobals) = postSolution
		SolutionGuid = {A7DFDB6F-2AC5-4A66-BA99-79773859E8C7}
	EndGlobalSection
EndGlobal
