
Microsoft Visual Studio Solution File, Format Version 12.00
# Visual Studio Version 17
VisualStudioVersion = 17.3.32922.545
MinimumVisualStudioVersion = 10.0.40219.1
Project("{FAE04EC0-301F-11D3-BF4B-00C04F79EFBC}") = "AMK_KonsoliSovellus", "AMK_KonsoliSovellus\AMK_KonsoliSovellus.csproj", "{4C17E28E-8014-4218-B59A-E37A696A34BB}"
EndProject
Global
	GlobalSection(SolutionConfigurationPlatforms) = preSolution
		Debug|Any CPU = Debug|Any CPU
		Release|Any CPU = Release|Any CPU
	EndGlobalSection
	GlobalSection(ProjectConfigurationPlatforms) = postSolution
		{4C17E28E-8014-4218-B59A-E37A696A34BB}.Debug|Any CPU.ActiveCfg = Debug|Any CPU
		{4C17E28E-8014-4218-B59A-E37A696A34BB}.Debug|Any CPU.Build.0 = Debug|Any CPU
		{4C17E28E-8014-4218-B59A-E37A696A34BB}.Release|Any CPU.ActiveCfg = Release|Any CPU
		{4C17E28E-8014-4218-B59A-E37A696A34BB}.Release|Any CPU.Build.0 = Release|Any CPU
	EndGlobalSection
	GlobalSection(SolutionProperties) = preSolution
		HideSolutionNode = FALSE
	EndGlobalSection
	GlobalSection(ExtensibilityGlobals) = postSolution
		SolutionGuid = {5F874A80-75E5-4B8C-AFF8-5AE236B1A809}
	EndGlobalSection
EndGlobal
