
Microsoft Visual Studio Solution File, Format Version 12.00
# Visual Studio Version 16
VisualStudioVersion = 16.0.29911.84
MinimumVisualStudioVersion = 10.0.40219.1
Project("{FAE04EC0-301F-11D3-BF4B-00C04F79EFBC}") = "Harjoituksia_B_1", "Harjoituksia_B_1\Harjoituksia_B_1.csproj", "{3AFCB4FB-4521-405B-83F3-00C1152829A4}"
EndProject
Global
	GlobalSection(SolutionConfigurationPlatforms) = preSolution
		Debug|Any CPU = Debug|Any CPU
		Release|Any CPU = Release|Any CPU
	EndGlobalSection
	GlobalSection(ProjectConfigurationPlatforms) = postSolution
		{3AFCB4FB-4521-405B-83F3-00C1152829A4}.Debug|Any CPU.ActiveCfg = Debug|Any CPU
		{3AFCB4FB-4521-405B-83F3-00C1152829A4}.Debug|Any CPU.Build.0 = Debug|Any CPU
		{3AFCB4FB-4521-405B-83F3-00C1152829A4}.Release|Any CPU.ActiveCfg = Release|Any CPU
		{3AFCB4FB-4521-405B-83F3-00C1152829A4}.Release|Any CPU.Build.0 = Release|Any CPU
	EndGlobalSection
	GlobalSection(SolutionProperties) = preSolution
		HideSolutionNode = FALSE
	EndGlobalSection
	GlobalSection(ExtensibilityGlobals) = postSolution
		SolutionGuid = {00D6FE17-0139-4F23-9CEE-D87C6EEDB703}
	EndGlobalSection
EndGlobal
